{
  "lockfileVersion": 1,
  "configVersion": 1,
  "workspaces": {
    "": {
      "name": "@maude/hub",
      "dependencies": {
        "@hocuspocus/extension-sqlite": "^4.3.0",
        "@hocuspocus/server": "^4.3.0",
        "better-sqlite3": "^12.11.1",
        "jose": "6.1.0",
        "oxc-parser": "0.139.0",
        "yjs": "^13.6.31",
      },
      "devDependencies": {
        "@hocuspocus/provider": "^4.3.0",
      },
    },
  },
  "packages": {
    "@emnapi/core": ["@emnapi/core@1.11.1", "", { "dependencies": { "@emnapi/wasi-threads": "1.2.2", "tslib": "^2.4.0" } }, "sha512-RSvbQmHzdKzNsLYa/wHrbc3KN4sYLKAdPZxqiM2HATqv/SBk2/ENSHpvXGaLOMcsAyz0poEGqkmmKYG3OWiJEQ=="],

    "@emnapi/runtime": ["@emnapi/runtime@1.11.1", "", { "dependencies": { "tslib": "^2.4.0" } }, "sha512-vgj7R3y3Wgx24IQaGPA/R6YFXLHVMOZ0uVEyIQPaWs+rd1AzfEMXlAC22FYwO1XkKR6NPsq7mUandH8oIRdZFw=="],

    "@emnapi/wasi-threads": ["@emnapi/wasi-threads@1.2.2", "", { "dependencies": { "tslib": "^2.4.0" } }, "sha512-c95qOXkHdydNKhscBTebqEC1CVAZpyqOfVfBzQ1qgzyl3gfeldUjIggDbIZgDKsHLgnsM+igH7TJ/eAasaVuMA=="],

    "@hocuspocus/common": ["@hocuspocus/common@4.3.0", "", { "dependencies": { "lib0": "^0.2.87" } }, "sha512-8USsMvso01aMKOSSyvb8oTAlfES/nBM+Y74XjW5Fy5ovmOaVpoRRBrktIrEVwydrp8Cr6C66ivc0orcW/3P+Kg=="],

    "@hocuspocus/extension-database": ["@hocuspocus/extension-database@4.3.0", "", { "dependencies": { "@hocuspocus/server": "^4.3.0" }, "peerDependencies": { "yjs": "^13.6.8" } }, "sha512-iiFU2l+/lxXVREXS9VUMDJQCOzM3LWOlFs0ezNkFIrXUf7u4LyagCR5v5y8zoBxMGNE5NwzMkP4xBiDX/Tc90A=="],

    "@hocuspocus/extension-sqlite": ["@hocuspocus/extension-sqlite@4.3.0", "", { "dependencies": { "@hocuspocus/extension-database": "^4.3.0", "better-sqlite3": "^12.6.2", "kleur": "^4.1.4" } }, "sha512-4BPqkereOosxz0PlDg0QQNQQ039aXPLiXKz5kaEbpO7gISyClTHbwO0UhIEGOCkVmu6VKvTt6PrU+wtH575Z1Q=="],

    "@hocuspocus/provider": ["@hocuspocus/provider@4.3.0", "", { "dependencies": { "@hocuspocus/common": "^4.3.0", "@lifeomic/attempt": "^3.0.2", "lib0": "^0.2.87" }, "peerDependencies": { "y-protocols": "^1.0.6", "yjs": "^13.6.8" } }, "sha512-eS5dECLnJDgELI2AfZNvr5jS0B6IWFoo7eAUgwwOzy1bf7KdPagXAYCtSWqSXmLMwjABlubZJQg8FVrTefU0cA=="],

    "@hocuspocus/server": ["@hocuspocus/server@4.3.0", "", { "dependencies": { "@hocuspocus/common": "^4.3.0", "async-mutex": "^0.5.0", "crossws": "^0.4.4", "kleur": "^4.1.4", "lib0": "^0.2.47" }, "peerDependencies": { "y-protocols": "^1.0.6", "yjs": "^13.6.8" } }, "sha512-GX9ohUJAr6aIa2ewS0EPeyf3w12wLCBBSGfc76ZMOuZJZPUzDH6BJWFjkVlaVW3OmwZ5+jxdXXFUf6sAi4EIrg=="],

    "@lifeomic/attempt": ["@lifeomic/attempt@3.1.0", "", {}, "sha512-QZqem4QuAnAyzfz+Gj5/+SLxqwCAw2qmt7732ZXodr6VDWGeYLG6w1i/vYLa55JQM9wRuBKLmXmiZ2P0LtE5rw=="],

    "@napi-rs/wasm-runtime": ["@napi-rs/wasm-runtime@1.2.4", "", { "dependencies": { "@tybys/wasm-util": "^0.10.3" }, "peerDependencies": { "@emnapi/core": "^1.7.1 || ^2.0.0-alpha.4", "@emnapi/runtime": "^1.7.1 || ^2.0.0-alpha.4" } }, "sha512-AJxoUD2/15ESHbvpcyjU274nsAPLuOtPHCk0vKJM5pj//Fg/B1FXNWjPnXTT9PymCYYiHo4zPj0ZomXBKhoy7g=="],

    "@oxc-parser/binding-android-arm-eabi": ["@oxc-parser/binding-android-arm-eabi@0.139.0", "", { "os": "android", "cpu": "arm" }, "sha512-22EsXTA3Vc7OvrF4bfT48PFln2UbxkVgrp/Tm32qLw76Dv7SmcInfClJe6yPYamnli6HiqasnESZ5ezN+X4ybg=="],

    "@oxc-parser/binding-android-arm64": ["@oxc-parser/binding-android-arm64@0.139.0", "", { "os": "android", "cpu": "arm64" }, "sha512-uASQkZV+CUQ6xXvoMzDQyfhd8OMusdv2FyCPfAi5ZDYptesapJlw7erhpGi1Lc+U8QjQV2JUrIh7d/3su2LzmQ=="],

    "@oxc-parser/binding-darwin-arm64": ["@oxc-parser/binding-darwin-arm64@0.139.0", "", { "os": "darwin", "cpu": "arm64" }, "sha512-vuQOv2WF5pZCkdSPEExul98o853M3MCR24DpWsGrUoPJu5KcnGE34kLXY2yFwBwZwT+eN1x40Tt4q6ZzlEdNUA=="],

    "@oxc-parser/binding-darwin-x64": ["@oxc-parser/binding-darwin-x64@0.139.0", "", { "os": "darwin", "cpu": "x64" }, "sha512-zxZB8ChS+7XactZhcyxQ292P/DNiiBaPPKYiVUlb3RC0V/hme5bokNubjcmEmbW9uTfmqLTpveAdkbe66H3pGg=="],

    "@oxc-parser/binding-freebsd-x64": ["@oxc-parser/binding-freebsd-x64@0.139.0", "", { "os": "freebsd", "cpu": "x64" }, "sha512-iw2MsoCPBQwdJqywRAGsF1jEAcGoZ+DeG2LVzt5pdUvRHqajsMF46BH0rHiWoWtMwcMSia+oQYga7fHo7u7Bcw=="],

    "@oxc-parser/binding-linux-arm-gnueabihf": ["@oxc-parser/binding-linux-arm-gnueabihf@0.139.0", "", { "os": "linux", "cpu": "arm" }, "sha512-SwjD/k3Y5bwGJWOH313VyaDrAuaYg1Pe+4AAXCgUKvSO5IHkj+mZ0oFcOWmB5nTuOM3uwdT+leL8h4OnFlI5hw=="],

    "@oxc-parser/binding-linux-arm-musleabihf": ["@oxc-parser/binding-linux-arm-musleabihf@0.139.0", "", { "os": "linux", "cpu": "arm" }, "sha512-qbeygDkcvailKFhphb2YGMMXsaZIynHlPtoOrcx4NZB/tRbUKraCCMbw8dPeFtEKasfS2qWh1VnReY+Lcys1zA=="],

    "@oxc-parser/binding-linux-arm64-gnu": ["@oxc-parser/binding-linux-arm64-gnu@0.139.0", "", { "os": "linux", "cpu": "arm64" }, "sha512-SrlL02KeImKlvx/9rCeopOLH7qKI3rqKKEguK6KBwVwEGLhV/A47dW4DNigf6/LFhrwoovaiayEQryjYAI86dQ=="],

    "@oxc-parser/binding-linux-arm64-musl": ["@oxc-parser/binding-linux-arm64-musl@0.139.0", "", { "os": "linux", "cpu": "arm64" }, "sha512-u9e884ChAVRmIZ1jr/m46S96FoDQnruFjISLi4Y0i6Wu/JUUmIiw7+umLyXILJsPfUuqnN5BJLe23t07+Y6+IA=="],

    "@oxc-parser/binding-linux-ppc64-gnu": ["@oxc-parser/binding-linux-ppc64-gnu@0.139.0", "", { "os": "linux", "cpu": "ppc64" }, "sha512-Z9tU2b3GJfAXOdirQmz4gZQkQkVjy53i77gf91l0733MQKa/qtk73KQQE2GzDtMqim+HyjpzvemmqzBtH2IJUA=="],

    "@oxc-parser/binding-linux-riscv64-gnu": ["@oxc-parser/binding-linux-riscv64-gnu@0.139.0", "", { "os": "linux", "cpu": "none" }, "sha512-RyUbr7hzPK84YDWKs77PRYk9VBwWbsbuYsQzQWiSmLnARXTg2zntLPGfCH/1wpfUYdmGkp/6SsqTXSsYdw9Jgw=="],

    "@oxc-parser/binding-linux-riscv64-musl": ["@oxc-parser/binding-linux-riscv64-musl@0.139.0", "", { "os": "linux", "cpu": "none" }, "sha512-dcQhjtcDvtR8BgkUpt03Yz5SzxdzYvTigenIJOEsiSX6G2t6yybEMxGWjp0dOuYGror0BaqcZfTyXR58amCEig=="],

    "@oxc-parser/binding-linux-s390x-gnu": ["@oxc-parser/binding-linux-s390x-gnu@0.139.0", "", { "os": "linux", "cpu": "s390x" }, "sha512-iuGrxysV4rGUymdKpn7bgZQ6Vix8Bi/6D/rp71HYIzphq6NKrsBhsGOYsSZte+uBFL43tXh7Xr7TM72sGliJNA=="],

    "@oxc-parser/binding-linux-x64-gnu": ["@oxc-parser/binding-linux-x64-gnu@0.139.0", "", { "os": "linux", "cpu": "x64" }, "sha512-NxJdZZyaa2JLLvNfH/iJQXfCNfKcPMylwY4ObMpBVmW4Nq+RyUpVVQXrMMelcQ6rwx3nuhF1Iga8n+eoAKGCIA=="],

    "@oxc-parser/binding-linux-x64-musl": ["@oxc-parser/binding-linux-x64-musl@0.139.0", "", { "os": "linux", "cpu": "x64" }, "sha512-ePxBvvtzISmSsJ0RIj8FNikSCn58i1jtccj7XR4U9Li4iSzhkFyYlnJ51cQTUwkairz8WMTD4SpKoot8RyTnQA=="],

    "@oxc-parser/binding-openharmony-arm64": ["@oxc-parser/binding-openharmony-arm64@0.139.0", "", { "os": "none", "cpu": "arm64" }, "sha512-b/c2+mPXMOxG5x16n8yf9cjor/ntQQScmYnSmLEWIWJ4rfXd5dokMxx0kliSLA+YAGq6DD3K9BWi+aFXHiiV1w=="],

    "@oxc-parser/binding-wasm32-wasi": ["@oxc-parser/binding-wasm32-wasi@0.139.0", "", { "dependencies": { "@emnapi/core": "1.11.1", "@emnapi/runtime": "1.11.1", "@napi-rs/wasm-runtime": "^1.1.6" }, "cpu": "none" }, "sha512-rNU0pO+/CVPC2qZ+xtX5R2cOje9Q75q3UkfgwUCPlplqxMv6Iffd5tMPGVMCLGnPINxPlmi0WPsW94HltbYvfQ=="],

    "@oxc-parser/binding-win32-arm64-msvc": ["@oxc-parser/binding-win32-arm64-msvc@0.139.0", "", { "os": "win32", "cpu": "arm64" }, "sha512-JPEmfncZfqAFiGsAN6UZSMIBqnG8wn8buywRacFOWjP+9dZwcs03SsBp4tmyjM/4l/VoH/IuThrW1Jof3OyQUw=="],

    "@oxc-parser/binding-win32-ia32-msvc": ["@oxc-parser/binding-win32-ia32-msvc@0.139.0", "", { "os": "win32", "cpu": "ia32" }, "sha512-c06dWBwEnFHof5JN7T9/ts23uATXS9czPEBO60d4xnjH2Am29Bo7OGKdVHRmcWQnw0OBxlTg9fIEXAvtcwOBfw=="],

    "@oxc-parser/binding-win32-x64-msvc": ["@oxc-parser/binding-win32-x64-msvc@0.139.0", "", { "os": "win32", "cpu": "x64" }, "sha512-bI3/44urQjW/D495JPXe+c9d+4Q+ONi3DvDNnzwRZYTWHZ3hAlFdmirYK4mzhTfCZiAly02EbMYir7QGU+9O2Q=="],

    "@oxc-project/types": ["@oxc-project/types@0.139.0", "", {}, "sha512-r9gHphtCs+1M7J0pw6Sn/hh/Wpa/iQrOOkrNAlVLF/gHq+/CJmHIWKKUUhdWjcD6CIa8idarspCsASiXCXvFUw=="],

    "@tybys/wasm-util": ["@tybys/wasm-util@0.10.4", "", { "dependencies": { "tslib": "^2.4.0" } }, "sha512-W3c4gRigFS0T/Ma4qIYF3GDAc5AQdHb1yL5znJT1Zv1YaD9Kitx656wBjvr19qbiosmZT8lWDM5BEMynUqX65A=="],

    "async-mutex": ["async-mutex@0.5.0", "", { "dependencies": { "tslib": "^2.4.0" } }, "sha512-1A94B18jkJ3DYq284ohPxoXbfTA5HsQ7/Mf4DEhcyLx3Bz27Rh59iScbB6EPiP+B+joue6YCxcMXSbFC1tZKwA=="],

    "base64-js": ["base64-js@1.5.1", "", {}, "sha512-AKpaYlHn8t4SVbOHCy+b5+KKgvR4vrsD8vbvrbiQJps7fKDTkjkDry6ji0rUJjC0kzbNePLwzxq8iypo41qeWA=="],

    "better-sqlite3": ["better-sqlite3@12.11.1", "", { "dependencies": { "bindings": "^1.5.0", "prebuild-install": "^7.1.1" } }, "sha512-dq9AtApgg5PGFtBzPFSBl3HZQjHok5gaQCM6zh2Yk0aSmDCs1CbnVI8/HgASQkNKsWFpseIO9beg5xxpYhbIfA=="],

    "bindings": ["bindings@1.5.0", "", { "dependencies": { "file-uri-to-path": "1.0.0" } }, "sha512-p2q/t/mhvuOj/UeLlV6566GD/guowlr0hHxClI0W9m7MWYkL1F0hLo+0Aexs9HSPCtR1SXQ0TD3MMKrXZajbiQ=="],

    "bl": ["bl@4.1.0", "", { "dependencies": { "buffer": "^5.5.0", "inherits": "^2.0.4", "readable-stream": "^3.4.0" } }, "sha512-1W07cM9gS6DcLperZfFSj+bWLtaPGSOHWhPiGzXmvVJbRLdG82sH/Kn8EtW1VqWVA54AKf2h5k5BbnIbwF3h6w=="],

    "buffer": ["buffer@5.7.1", "", { "dependencies": { "base64-js": "^1.3.1", "ieee754": "^1.1.13" } }, "sha512-EHcyIPBQ4BSGlvjB16k5KgAJ27CIsHY/2JBmCRReo48y9rQ3MaUzWX3KVlBa4U7MyX02HdVj0K7C3WaB3ju7FQ=="],

    "chownr": ["chownr@1.1.4", "", {}, "sha512-jJ0bqzaylmJtVnNgzTeSOs8DPavpbYgEr/b0YL8/2GO3xJEhInFmhKMUnEJQjZumK7KXGFhUy89PrsJWlakBVg=="],

    "crossws": ["crossws@0.4.5", "", { "peerDependencies": { "srvx": ">=0.11.5" }, "optionalPeers": ["srvx"] }, "sha512-wUR89x/Rw7/8t+vn0CmGDYM9TD6VtARGb0LD5jq2wjtMy1vCP4M+sm6N6TigWeTYvnA8MoW29NqqXD0ep0rfBA=="],

    "decompress-response": ["decompress-response@6.0.0", "", { "dependencies": { "mimic-response": "^3.1.0" } }, "sha512-aW35yZM6Bb/4oJlZncMH2LCoZtJXTRxES17vE3hoRiowU2kWHaJKFkSBDnDR+cm9J+9QhXmREyIfv0pji9ejCQ=="],

    "deep-extend": ["deep-extend@0.6.0", "", {}, "sha512-LOHxIOaPYdHlJRtCQfDIVZtfw/ufM8+rVj649RIHzcm/vGwQRXFt6OPqIFWsm2XEMrNIEtWR64sY1LEKD2vAOA=="],

    "detect-libc": ["detect-libc@2.1.2", "", {}, "sha512-Btj2BOOO83o3WyH59e8MgXsxEQVcarkUOpEYrubB0urwnN10yQ364rsiByU11nZlqWYZm05i/of7io4mzihBtQ=="],

    "end-of-stream": ["end-of-stream@1.4.5", "", { "dependencies": { "once": "^1.4.0" } }, "sha512-ooEGc6HP26xXq/N+GCGOT0JKCLDGrq2bQUZrQ7gyrJiZANJ/8YDTxTpQBXGMn+WbIQXNVpyWymm7KYVICQnyOg=="],

    "expand-template": ["expand-template@2.0.3", "", {}, "sha512-XYfuKMvj4O35f/pOXLObndIRvyQ+/+6AhODh+OKWj9S9498pHHn/IMszH+gt0fBCRWMNfk1ZSp5x3AifmnI2vg=="],

    "file-uri-to-path": ["file-uri-to-path@1.0.0", "", {}, "sha512-0Zt+s3L7Vf1biwWZ29aARiVYLx7iMGnEUl9x33fbB/j3jR81u/O2LbqK+Bm1CDSNDKVtJ/YjwY7TUd5SkeLQLw=="],

    "fs-constants": ["fs-constants@1.0.0", "", {}, "sha512-y6OAwoSIf7FyjMIv94u+b5rdheZEjzR63GTyZJm5qh4Bi+2YgwLCcI/fPFZkL5PSixOt6ZNKm+w+Hfp/Bciwow=="],

    "github-from-package": ["github-from-package@0.0.0", "", {}, "sha512-SyHy3T1v2NUXn29OsWdxmK6RwHD+vkj3v8en8AOBZ1wBQ/hCAQ5bAQTD02kW4W9tUp/3Qh6J8r9EvntiyCmOOw=="],

    "ieee754": ["ieee754@1.2.1", "", {}, "sha512-dcyqhDvX1C46lXZcVqCpK+FtMRQVdIMN6/Df5js2zouUsqG7I6sFxitIC+7KYK29KdXOLHdu9zL4sFnoVQnqaA=="],

    "inherits": ["inherits@2.0.4", "", {}, "sha512-k/vGaX4/Yla3WzyMCvTQOXYeIHvqOKtnqBduzTHpzpQZzAskKMhZ2K+EnBiSM9zGSoIFeMpXKxa4dYeZIQqewQ=="],

    "ini": ["ini@1.3.8", "", {}, "sha512-JV/yugV2uzW5iMRSiZAyDtQd+nxtUnjeLt0acNdw98kKLrvuRVyB80tsREOE7yvGVgalhZ6RNXCmEHkUKBKxew=="],

    "isomorphic.js": ["isomorphic.js@0.2.5", "", {}, "sha512-PIeMbHqMt4DnUP3MA/Flc0HElYjMXArsw1qwJZcm9sqR8mq3l8NYizFMty0pWwE/tzIGH3EKK5+jes5mAr85yw=="],

    "jose": ["jose@6.1.0", "", {}, "sha512-TTQJyoEoKcC1lscpVDCSsVgYzUDg/0Bt3WE//WiTPK6uOCQC2KZS4MpugbMWt/zyjkopgZoXhZuCi00gLudfUA=="],

    "kleur": ["kleur@4.1.5", "", {}, "sha512-o+NO+8WrRiQEE4/7nwRJhN1HWpVmJm511pBHUxPLtp0BUISzlBplORYSmTclCnJvQq2tKu/sgl3xVpkc7ZWuQQ=="],

    "lib0": ["lib0@0.2.117", "", { "dependencies": { "isomorphic.js": "^0.2.4" }, "bin": { "0serve": "bin/0serve.js", "0gentesthtml": "bin/gentesthtml.js", "0ecdsa-generate-keypair": "bin/0ecdsa-generate-keypair.js" } }, "sha512-DeXj9X5xDCjgKLU/7RR+/HQEVzuuEUiwldwOGsHK/sfAfELGWEyTcf0x+uOvCvK3O2zPmZePXWL85vtia6GyZw=="],

    "mimic-response": ["mimic-response@3.1.0", "", {}, "sha512-z0yWI+4FDrrweS8Zmt4Ej5HdJmky15+L2e6Wgn3+iK5fWzb6T3fhNFq2+MeTRb064c6Wr4N/wv0DzQTjNzHNGQ=="],

    "minimist": ["minimist@1.2.8", "", {}, "sha512-2yyAR8qBkN3YuheJanUpWC5U3bb5osDywNB8RzDVlDwDHbocAJveqqj1u8+SVD7jkWT4yvsHCpWqqWqAxb0zCA=="],

    "mkdirp-classic": ["mkdirp-classic@0.5.3", "", {}, "sha512-gKLcREMhtuZRwRAfqP3RFW+TK4JqApVBtOIftVgjuABpAtpxhPGaDcfvbhNvD0B8iD1oUr/txX35NjcaY6Ns/A=="],

    "napi-build-utils": ["napi-build-utils@2.0.0", "", {}, "sha512-GEbrYkbfF7MoNaoh2iGG84Mnf/WZfB0GdGEsM8wz7Expx/LlWf5U8t9nvJKXSp3qr5IsEbK04cBGhol/KwOsWA=="],

    "node-abi": ["node-abi@3.92.0", "", { "dependencies": { "semver": "^7.3.5" } }, "sha512-KdHvFWZjEKDf0cakgFjebl371GPsISX2oZHcuyKqM7DtogIsHrqKeLTo8wBHxaXRAQlY2PsPlZmfo+9ZCxEREQ=="],

    "once": ["once@1.4.0", "", { "dependencies": { "wrappy": "1" } }, "sha512-lNaJgI+2Q5URQBkccEKHTQOPaXdUxnZZElQTZY0MFUAuaEqe1E+Nyvgdz/aIyNi6Z9MzO5dv1H8n58/GELp3+w=="],

    "oxc-parser": ["oxc-parser@0.139.0", "", { "dependencies": { "@oxc-project/types": "^0.139.0" }, "optionalDependencies": { "@oxc-parser/binding-android-arm-eabi": "0.139.0", "@oxc-parser/binding-android-arm64": "0.139.0", "@oxc-parser/binding-darwin-arm64": "0.139.0", "@oxc-parser/binding-darwin-x64": "0.139.0", "@oxc-parser/binding-freebsd-x64": "0.139.0", "@oxc-parser/binding-linux-arm-gnueabihf": "0.139.0", "@oxc-parser/binding-linux-arm-musleabihf": "0.139.0", "@oxc-parser/binding-linux-arm64-gnu": "0.139.0", "@oxc-parser/binding-linux-arm64-musl": "0.139.0", "@oxc-parser/binding-linux-ppc64-gnu": "0.139.0", "@oxc-parser/binding-linux-riscv64-gnu": "0.139.0", "@oxc-parser/binding-linux-riscv64-musl": "0.139.0", "@oxc-parser/binding-linux-s390x-gnu": "0.139.0", "@oxc-parser/binding-linux-x64-gnu": "0.139.0", "@oxc-parser/binding-linux-x64-musl": "0.139.0", "@oxc-parser/binding-openharmony-arm64": "0.139.0", "@oxc-parser/binding-wasm32-wasi": "0.139.0", "@oxc-parser/binding-win32-arm64-msvc": "0.139.0", "@oxc-parser/binding-win32-ia32-msvc": "0.139.0", "@oxc-parser/binding-win32-x64-msvc": "0.139.0" } }, "sha512-cf1TKZN+zc0lwqigeyXKzKVk5+vNRe99Or2+wVJsXLdlhJgC+gsIniYDfj/ZEBzCJ8Xm21ZG6YtMbR262CcS2w=="],

    "prebuild-install": ["prebuild-install@7.1.3", "", { "dependencies": { "detect-libc": "^2.0.0", "expand-template": "^2.0.3", "github-from-package": "0.0.0", "minimist": "^1.2.3", "mkdirp-classic": "^0.5.3", "napi-build-utils": "^2.0.0", "node-abi": "^3.3.0", "pump": "^3.0.0", "rc": "^1.2.7", "simple-get": "^4.0.0", "tar-fs": "^2.0.0", "tunnel-agent": "^0.6.0" }, "bin": { "prebuild-install": "bin.js" } }, "sha512-8Mf2cbV7x1cXPUILADGI3wuhfqWvtiLA1iclTDbFRZkgRQS0NqsPZphna9V+HyTEadheuPmjaJMsbzKQFOzLug=="],

    "pump": ["pump@3.0.4", "", { "dependencies": { "end-of-stream": "^1.1.0", "once": "^1.3.1" } }, "sha512-VS7sjc6KR7e1ukRFhQSY5LM2uBWAUPiOPa/A3mkKmiMwSmRFUITt0xuj+/lesgnCv+dPIEYlkzrcyXgquIHMcA=="],

    "rc": ["rc@1.2.8", "", { "dependencies": { "deep-extend": "^0.6.0", "ini": "~1.3.0", "minimist": "^1.2.0", "strip-json-comments": "~2.0.1" }, "bin": { "rc": "./cli.js" } }, "sha512-y3bGgqKj3QBdxLbLkomlohkvsA8gdAiUQlSBJnBhfn+BPxg4bc62d8TcBW15wavDfgexCgccckhcZvywyQYPOw=="],

    "readable-stream": ["readable-stream@3.6.2", "", { "dependencies": { "inherits": "^2.0.3", "string_decoder": "^1.1.1", "util-deprecate": "^1.0.1" } }, "sha512-9u/sniCrY3D5WdsERHzHE4G2YCXqoG5FTHUiCC4SIbr6XcLZBY05ya9EKjYek9O5xOAwjGq+1JdGBAS7Q9ScoA=="],

    "safe-buffer": ["safe-buffer@5.2.1", "", {}, "sha512-rp3So07KcdmmKbGvgaNxQSJr7bGVSVk5S9Eq1F+ppbRo70+YeaDxkw5Dd8NPN+GD6bjnYm2VuPuCXmpuYvmCXQ=="],

    "semver": ["semver@7.8.1", "", { "bin": { "semver": "bin/semver.js" } }, "sha512-rkVq3IXh+4FDGch+KwzX3aV9W3kO54GyEgpvBzSyctDA6Xtd7RJQV1xmXbeQp5v7+VzLOfVqiutSE6GICgPFvg=="],

    "simple-concat": ["simple-concat@1.0.1", "", {}, "sha512-cSFtAPtRhljv69IK0hTVZQ+OfE9nePi/rtJmw5UjHeVyVroEqJXP1sFztKUy1qU+xvz3u/sfYJLa947b7nAN2Q=="],

    "simple-get": ["simple-get@4.0.1", "", { "dependencies": { "decompress-response": "^6.0.0", "once": "^1.3.1", "simple-concat": "^1.0.0" } }, "sha512-brv7p5WgH0jmQJr1ZDDfKDOSeWWg+OVypG99A/5vYGPqJ6pxiaHLy8nxtFjBA7oMa01ebA9gfh1uMCFqOuXxvA=="],

    "string_decoder": ["string_decoder@1.3.0", "", { "dependencies": { "safe-buffer": "~5.2.0" } }, "sha512-hkRX8U1WjJFd8LsDJ2yQ/wWWxaopEsABU1XfkM8A+j0+85JAGppt16cr1Whg6KIbb4okU6Mql6BOj+uup/wKeA=="],

    "strip-json-comments": ["strip-json-comments@2.0.1", "", {}, "sha512-4gB8na07fecVVkOI6Rs4e7T6NOTki5EmL7TUduTs6bu3EdnSycntVJ4re8kgZA+wx9IueI2Y11bfbgwtzuE0KQ=="],

    "tar-fs": ["tar-fs@2.1.4", "", { "dependencies": { "chownr": "^1.1.1", "mkdirp-classic": "^0.5.2", "pump": "^3.0.0", "tar-stream": "^2.1.4" } }, "sha512-mDAjwmZdh7LTT6pNleZ05Yt65HC3E+NiQzl672vQG38jIrehtJk/J3mNwIg+vShQPcLF/LV7CMnDW6vjj6sfYQ=="],

    "tar-stream": ["tar-stream@2.2.0", "", { "dependencies": { "bl": "^4.0.3", "end-of-stream": "^1.4.1", "fs-constants": "^1.0.0", "inherits": "^2.0.3", "readable-stream": "^3.1.1" } }, "sha512-ujeqbceABgwMZxEJnk2HDY2DlnUZ+9oEcb1KzTVfYHio0UE6dG71n60d8D2I4qNvleWrrXpmjpt7vZeF1LnMZQ=="],

    "tslib": ["tslib@2.8.1", "", {}, "sha512-oJFu94HQb+KVduSUQL7wnpmqnfmLsOA/nAh6b6EH0wCEoK0/mPeXU6c3wKDV83MkOuHPRHtSXKKU99IBazS/2w=="],

    "tunnel-agent": ["tunnel-agent@0.6.0", "", { "dependencies": { "safe-buffer": "^5.0.1" } }, "sha512-McnNiV1l8RYeY8tBgEpuodCC1mLUdbSN+CYBL7kJsJNInOP8UjDDEwdk6Mw60vdLLrr5NHKZhMAOSrR2NZuQ+w=="],

    "util-deprecate": ["util-deprecate@1.0.2", "", {}, "sha512-EPD5q1uXyFxJpCrLnCc1nHnq3gOa6DZBocAIiI2TaSCA7VCJ1UJDMagCzIkXNsUYfD1daK//LTEQ8xiIbrHtcw=="],

    "wrappy": ["wrappy@1.0.2", "", {}, "sha512-l4Sp/DRseor9wL6EvV2+TuQn63dMkPjZ/sp9XkghTEbV9KlPS1xUsZ3u7/IQO4wxtcFB4bgpQPRcR3QCvezPcQ=="],

    "y-protocols": ["y-protocols@1.0.7", "", { "dependencies": { "lib0": "^0.2.85" }, "peerDependencies": { "yjs": "^13.0.0" } }, "sha512-YSVsLoXxO67J6eE/nV4AtFtT3QEotZf5sK5BHxFBXso7VDUT3Tx07IfA6hsu5Q5OmBdMkQVmFZ9QOA7fikWvnw=="],

    "yjs": ["yjs@13.6.31", "", { "dependencies": { "lib0": "^0.2.99" } }, "sha512-Eq+5BRfbeGyqGVrTJL3bEcr8gKkxPuyuoHmAwpk52fDb8kOVMrfVSTRPd6yiGgX5Fskb96qCRjzjbRjrL4YEnw=="],
  }
}
